# This file is autogenerated, do not edit; changes may be undone by the next 'dep ensure'.


[[projects]]
  digest = "1:39f43a9ea4af920abf322d1770c5fbf337286cb174a25827b22e1da72dcfdb5c"
  name = "gopkg.in/go-playground/webhooks.v3"
  packages = [
    ".",
    "github",
  ]
  pruneopts = "UT"
  revision = "8ffb2ffc32b7af2c7e940944eccba4dcd66c692a"
  version = "v3.13.0"

[solve-meta]
  analyzer-name = "dep"
  analyzer-version = 1
  input-imports = ["gopkg.in/go-playground/webhooks.v3/github"]
  solver-name = "gps-cdcl"
  solver-version = 1
